
Microsoft Visual Studio Solution File, Format Version 12.00
# Visual Studio 15
VisualStudioVersion = 15.0.27130.2020
MinimumVisualStudioVersion = 10.0.40219.1
Project("{FAE04EC0-301F-11D3-BF4B-00C04F79EFBC}") = "2013726058_CHJ", "2013726058_CHJ\2013726058_CHJ.csproj", "{DA0988DC-B895-42FE-A4A3-D21D55863569}"
EndProject
Project("{FAE04EC0-301F-11D3-BF4B-00C04F79EFBC}") = "insta_client", "insta_server\insta_client.csproj", "{534B494C-7C27-4F2B-BCB5-AF160A4C9668}"
EndProject
Project("{FAE04EC0-301F-11D3-BF4B-00C04F79EFBC}") = "insta_server", "insta_client\insta_server.csproj", "{CBBD43E3-37FC-4310-9DB7-1D714623B9D9}"
EndProject
Project("{FAE04EC0-301F-11D3-BF4B-00C04F79EFBC}") = "insta_packet", "Packet\insta_packet.csproj", "{F449A54B-1280-493A-9789-A57F5ECA999A}"
EndProject
Project("{FAE04EC0-301F-11D3-BF4B-00C04F79EFBC}") = "Ch03", "Ch03\Ch03.csproj", "{2702AD19-DBC3-4437-8522-C23E033E5F14}"
EndProject
Project("{FAE04EC0-301F-11D3-BF4B-00C04F79EFBC}") = "WindowsFormsControlLibrary1", "WindowsFormsControlLibrary1\WindowsFormsControlLibrary1.csproj", "{4DCC35F0-E803-4C36-8C88-6D0720F8F66B}"
EndProject
Global
	GlobalSection(SolutionConfigurationPlatforms) = preSolution
		Debug|Any CPU = Debug|Any CPU
		Debug|x64 = Debug|x64
		Debug|x86 = Debug|x86
		Release|Any CPU = Release|Any CPU
		Release|x64 = Release|x64
		Release|x86 = Release|x86
	EndGlobalSection
	GlobalSection(ProjectConfigurationPlatforms) = postSolution
		{DA0988DC-B895-42FE-A4A3-D21D55863569}.Debug|Any CPU.ActiveCfg = Debug|Any CPU
		{DA0988DC-B895-42FE-A4A3-D21D55863569}.Debug|Any CPU.Build.0 = Debug|Any CPU
		{DA0988DC-B895-42FE-A4A3-D21D55863569}.Debug|x64.ActiveCfg = Debug|Any CPU
		{DA0988DC-B895-42FE-A4A3-D21D55863569}.Debug|x64.Build.0 = Debug|Any CPU
		{DA0988DC-B895-42FE-A4A3-D21D55863569}.Debug|x86.ActiveCfg = Debug|Any CPU
		{DA0988DC-B895-42FE-A4A3-D21D55863569}.Debug|x86.Build.0 = Debug|Any CPU
		{DA0988DC-B895-42FE-A4A3-D21D55863569}.Release|Any CPU.ActiveCfg = Release|Any CPU
		{DA0988DC-B895-42FE-A4A3-D21D55863569}.Release|Any CPU.Build.0 = Release|Any CPU
		{DA0988DC-B895-42FE-A4A3-D21D55863569}.Release|x64.ActiveCfg = Release|Any CPU
		{DA0988DC-B895-42FE-A4A3-D21D55863569}.Release|x64.Build.0 = Release|Any CPU
		{DA0988DC-B895-42FE-A4A3-D21D55863569}.Release|x86.ActiveCfg = Release|Any CPU
		{DA0988DC-B895-42FE-A4A3-D21D55863569}.Release|x86.Build.0 = Release|Any CPU
		{534B494C-7C27-4F2B-BCB5-AF160A4C9668}.Debug|Any CPU.ActiveCfg = Debug|Any CPU
		{534B494C-7C27-4F2B-BCB5-AF160A4C9668}.Debug|Any CPU.Build.0 = Debug|Any CPU
		{534B494C-7C27-4F2B-BCB5-AF160A4C9668}.Debug|x64.ActiveCfg = Debug|Any CPU
		{534B494C-7C27-4F2B-BCB5-AF160A4C9668}.Debug|x64.Build.0 = Debug|Any CPU
		{534B494C-7C27-4F2B-BCB5-AF160A4C9668}.Debug|x86.ActiveCfg = Debug|Any CPU
		{534B494C-7C27-4F2B-BCB5-AF160A4C9668}.Debug|x86.Build.0 = Debug|Any CPU
		{534B494C-7C27-4F2B-BCB5-AF160A4C9668}.Release|Any CPU.ActiveCfg = Release|Any CPU
		{534B494C-7C27-4F2B-BCB5-AF160A4C9668}.Release|Any CPU.Build.0 = Release|Any CPU
		{534B494C-7C27-4F2B-BCB5-AF160A4C9668}.Release|x64.ActiveCfg = Release|Any CPU
		{534B494C-7C27-4F2B-BCB5-AF160A4C9668}.Release|x64.Build.0 = Release|Any CPU
		{534B494C-7C27-4F2B-BCB5-AF160A4C9668}.Release|x86.ActiveCfg = Release|Any CPU
		{534B494C-7C27-4F2B-BCB5-AF160A4C9668}.Release|x86.Build.0 = Release|Any CPU
		{CBBD43E3-37FC-4310-9DB7-1D714623B9D9}.Debug|Any CPU.ActiveCfg = Debug|Any CPU
		{CBBD43E3-37FC-4310-9DB7-1D714623B9D9}.Debug|Any CPU.Build.0 = Debug|Any CPU
		{CBBD43E3-37FC-4310-9DB7-1D714623B9D9}.Debug|x64.ActiveCfg = Debug|Any CPU
		{CBBD43E3-37FC-4310-9DB7-1D714623B9D9}.Debug|x64.Build.0 = Debug|Any CPU
		{CBBD43E3-37FC-4310-9DB7-1D714623B9D9}.Debug|x86.ActiveCfg = Debug|Any CPU
		{CBBD43E3-37FC-4310-9DB7-1D714623B9D9}.Debug|x86.Build.0 = Debug|Any CPU
		{CBBD43E3-37FC-4310-9DB7-1D714623B9D9}.Release|Any CPU.ActiveCfg = Release|Any CPU
		{CBBD43E3-37FC-4310-9DB7-1D714623B9D9}.Release|Any CPU.Build.0 = Release|Any CPU
		{CBBD43E3-37FC-4310-9DB7-1D714623B9D9}.Release|x64.ActiveCfg = Release|Any CPU
		{CBBD43E3-37FC-4310-9DB7-1D714623B9D9}.Release|x64.Build.0 = Release|Any CPU
		{CBBD43E3-37FC-4310-9DB7-1D714623B9D9}.Release|x86.ActiveCfg = Release|Any CPU
		{CBBD43E3-37FC-4310-9DB7-1D714623B9D9}.Release|x86.Build.0 = Release|Any CPU
		{F449A54B-1280-493A-9789-A57F5ECA999A}.Debug|Any CPU.ActiveCfg = Debug|Any CPU
		{F449A54B-1280-493A-9789-A57F5ECA999A}.Debug|Any CPU.Build.0 = Debug|Any CPU
		{F449A54B-1280-493A-9789-A57F5ECA999A}.Debug|x64.ActiveCfg = Debug|Any CPU
		{F449A54B-1280-493A-9789-A57F5ECA999A}.Debug|x64.Build.0 = Debug|Any CPU
		{F449A54B-1280-493A-9789-A57F5ECA999A}.Debug|x86.ActiveCfg = Debug|Any CPU
		{F449A54B-1280-493A-9789-A57F5ECA999A}.Debug|x86.Build.0 = Debug|Any CPU
		{F449A54B-1280-493A-9789-A57F5ECA999A}.Release|Any CPU.ActiveCfg = Release|Any CPU
		{F449A54B-1280-493A-9789-A57F5ECA999A}.Release|Any CPU.Build.0 = Release|Any CPU
		{F449A54B-1280-493A-9789-A57F5ECA999A}.Release|x64.ActiveCfg = Release|Any CPU
		{F449A54B-1280-493A-9789-A57F5ECA999A}.Release|x64.Build.0 = Release|Any CPU
		{F449A54B-1280-493A-9789-A57F5ECA999A}.Release|x86.ActiveCfg = Release|Any CPU
		{F449A54B-1280-493A-9789-A57F5ECA999A}.Release|x86.Build.0 = Release|Any CPU
		{2702AD19-DBC3-4437-8522-C23E033E5F14}.Debug|Any CPU.ActiveCfg = Debug|Any CPU
		{2702AD19-DBC3-4437-8522-C23E033E5F14}.Debug|Any CPU.Build.0 = Debug|Any CPU
		{2702AD19-DBC3-4437-8522-C23E033E5F14}.Debug|x64.ActiveCfg = Debug|Any CPU
		{2702AD19-DBC3-4437-8522-C23E033E5F14}.Debug|x64.Build.0 = Debug|Any CPU
		{2702AD19-DBC3-4437-8522-C23E033E5F14}.Debug|x86.ActiveCfg = Debug|Any CPU
		{2702AD19-DBC3-4437-8522-C23E033E5F14}.Debug|x86.Build.0 = Debug|Any CPU
		{2702AD19-DBC3-4437-8522-C23E033E5F14}.Release|Any CPU.ActiveCfg = Release|Any CPU
		{2702AD19-DBC3-4437-8522-C23E033E5F14}.Release|Any CPU.Build.0 = Release|Any CPU
		{2702AD19-DBC3-4437-8522-C23E033E5F14}.Release|x64.ActiveCfg = Release|Any CPU
		{2702AD19-DBC3-4437-8522-C23E033E5F14}.Release|x64.Build.0 = Release|Any CPU
		{2702AD19-DBC3-4437-8522-C23E033E5F14}.Release|x86.ActiveCfg = Release|Any CPU
		{2702AD19-DBC3-4437-8522-C23E033E5F14}.Release|x86.Build.0 = Release|Any CPU
		{4DCC35F0-E803-4C36-8C88-6D0720F8F66B}.Debug|Any CPU.ActiveCfg = Debug|Any CPU
		{4DCC35F0-E803-4C36-8C88-6D0720F8F66B}.Debug|Any CPU.Build.0 = Debug|Any CPU
		{4DCC35F0-E803-4C36-8C88-6D0720F8F66B}.Debug|x64.ActiveCfg = Debug|Any CPU
		{4DCC35F0-E803-4C36-8C88-6D0720F8F66B}.Debug|x64.Build.0 = Debug|Any CPU
		{4DCC35F0-E803-4C36-8C88-6D0720F8F66B}.Debug|x86.ActiveCfg = Debug|Any CPU
		{4DCC35F0-E803-4C36-8C88-6D0720F8F66B}.Debug|x86.Build.0 = Debug|Any CPU
		{4DCC35F0-E803-4C36-8C88-6D0720F8F66B}.Release|Any CPU.ActiveCfg = Release|Any CPU
		{4DCC35F0-E803-4C36-8C88-6D0720F8F66B}.Release|Any CPU.Build.0 = Release|Any CPU
		{4DCC35F0-E803-4C36-8C88-6D0720F8F66B}.Release|x64.ActiveCfg = Release|Any CPU
		{4DCC35F0-E803-4C36-8C88-6D0720F8F66B}.Release|x64.Build.0 = Release|Any CPU
		{4DCC35F0-E803-4C36-8C88-6D0720F8F66B}.Release|x86.ActiveCfg = Release|Any CPU
		{4DCC35F0-E803-4C36-8C88-6D0720F8F66B}.Release|x86.Build.0 = Release|Any CPU
	EndGlobalSection
	GlobalSection(SolutionProperties) = preSolution
		HideSolutionNode = FALSE
	EndGlobalSection
	GlobalSection(ExtensibilityGlobals) = postSolution
		SolutionGuid = {38BAE3D0-E4E4-4F2A-8162-287F8A0A7E00}
	EndGlobalSection
EndGlobal
