
Microsoft Visual Studio Solution File, Format Version 12.00
# Visual Studio 15
VisualStudioVersion = 15.0.27130.2020
MinimumVisualStudioVersion = 10.0.40219.1
Project("{FAE04EC0-301F-11D3-BF4B-00C04F79EFBC}") = "CS-example", "CS-example\CS-example.csproj", "{C4A1ACB4-95FC-48A3-A7A5-FFC6D9A7CD33}"
EndProject
Project("{FAE04EC0-301F-11D3-BF4B-00C04F79EFBC}") = "CS-example-winform", "CS-example-winform\CS-example-winform.csproj", "{524F2DD1-CB1D-4878-9D27-BF57D14D2CCF}"
EndProject
Project("{FAE04EC0-301F-11D3-BF4B-00C04F79EFBC}") = "CS-example-dll", "CS-example-dll\CS-example-dll.csproj", "{46F21822-45DE-4EC0-A5CF-D3FEF447C73E}"
EndProject
Project("{FAE04EC0-301F-11D3-BF4B-00C04F79EFBC}") = "2013726058_CHJ", "2013726058_CHJ\2013726058_CHJ.csproj", "{DA0988DC-B895-42FE-A4A3-D21D55863569}"
EndProject
Project("{FAE04EC0-301F-11D3-BF4B-00C04F79EFBC}") = "Ch06_Ex01_01", "Network01\Ch06_Ex01_01.csproj", "{12271EDA-A991-4E56-A4EF-857D1933567D}"
EndProject
Project("{FAE04EC0-301F-11D3-BF4B-00C04F79EFBC}") = "Ch06_Ex01_02", "Network02\Ch06_Ex01_02.csproj", "{AC04192C-BA31-4E0E-9549-92730D299CDD}"
EndProject
Project("{FAE04EC0-301F-11D3-BF4B-00C04F79EFBC}") = "Ch06_Ex02_01", "Ch06_Ex03\Ch06_Ex02_01.csproj", "{F33EB61B-4508-4423-BD83-547CA3C79001}"
EndProject
Project("{FAE04EC0-301F-11D3-BF4B-00C04F79EFBC}") = "Ch06_Ex02_02", "Ch06_Ex04\Ch06_Ex02_02.csproj", "{6A7F7B35-A1B0-4083-BD63-69772DAE4EAD}"
EndProject
Project("{FAE04EC0-301F-11D3-BF4B-00C04F79EFBC}") = "Ch06_Ex03_01", "ClassLibrary1\Ch06_Ex03_01.csproj", "{BB5F71C9-4C17-41A6-92E0-37FF317A20DB}"
EndProject
Project("{FAE04EC0-301F-11D3-BF4B-00C04F79EFBC}") = "Ch06_Ex03_02", "Ch06_Ex03_02\Ch06_Ex03_02.csproj", "{DB612559-049A-4382-B49F-6F6323F01457}"
EndProject
Project("{FAE04EC0-301F-11D3-BF4B-00C04F79EFBC}") = "Ch06_Ex03_03", "Ch06_Ex03_03\Ch06_Ex03_03.csproj", "{F1BB8A41-002B-4789-A7D3-23C3CDC31F99}"
EndProject
Project("{FAE04EC0-301F-11D3-BF4B-00C04F79EFBC}") = "insta_client", "insta_server\insta_client.csproj", "{534B494C-7C27-4F2B-BCB5-AF160A4C9668}"
EndProject
Project("{FAE04EC0-301F-11D3-BF4B-00C04F79EFBC}") = "insta_server", "insta_client\insta_server.csproj", "{CBBD43E3-37FC-4310-9DB7-1D714623B9D9}"
EndProject
Project("{FAE04EC0-301F-11D3-BF4B-00C04F79EFBC}") = "insta_packet", "Packet\insta_packet.csproj", "{F449A54B-1280-493A-9789-A57F5ECA999A}"
EndProject
Global
	GlobalSection(SolutionConfigurationPlatforms) = preSolution
		Debug|Any CPU = Debug|Any CPU
		Debug|x64 = Debug|x64
		Debug|x86 = Debug|x86
		Release|Any CPU = Release|Any CPU
		Release|x64 = Release|x64
		Release|x86 = Release|x86
	EndGlobalSection
	GlobalSection(ProjectConfigurationPlatforms) = postSolution
		{C4A1ACB4-95FC-48A3-A7A5-FFC6D9A7CD33}.Debug|Any CPU.ActiveCfg = Debug|Any CPU
		{C4A1ACB4-95FC-48A3-A7A5-FFC6D9A7CD33}.Debug|x64.ActiveCfg = Debug|Any CPU
		{C4A1ACB4-95FC-48A3-A7A5-FFC6D9A7CD33}.Debug|x64.Build.0 = Debug|Any CPU
		{C4A1ACB4-95FC-48A3-A7A5-FFC6D9A7CD33}.Debug|x86.ActiveCfg = Debug|Any CPU
		{C4A1ACB4-95FC-48A3-A7A5-FFC6D9A7CD33}.Debug|x86.Build.0 = Debug|Any CPU
		{C4A1ACB4-95FC-48A3-A7A5-FFC6D9A7CD33}.Release|Any CPU.ActiveCfg = Release|Any CPU
		{C4A1ACB4-95FC-48A3-A7A5-FFC6D9A7CD33}.Release|Any CPU.Build.0 = Release|Any CPU
		{C4A1ACB4-95FC-48A3-A7A5-FFC6D9A7CD33}.Release|x64.ActiveCfg = Release|Any CPU
		{C4A1ACB4-95FC-48A3-A7A5-FFC6D9A7CD33}.Release|x64.Build.0 = Release|Any CPU
		{C4A1ACB4-95FC-48A3-A7A5-FFC6D9A7CD33}.Release|x86.ActiveCfg = Release|Any CPU
		{C4A1ACB4-95FC-48A3-A7A5-FFC6D9A7CD33}.Release|x86.Build.0 = Release|Any CPU
		{524F2DD1-CB1D-4878-9D27-BF57D14D2CCF}.Debug|Any CPU.ActiveCfg = Debug|Any CPU
		{524F2DD1-CB1D-4878-9D27-BF57D14D2CCF}.Debug|Any CPU.Build.0 = Debug|Any CPU
		{524F2DD1-CB1D-4878-9D27-BF57D14D2CCF}.Debug|x64.ActiveCfg = Debug|Any CPU
		{524F2DD1-CB1D-4878-9D27-BF57D14D2CCF}.Debug|x64.Build.0 = Debug|Any CPU
		{524F2DD1-CB1D-4878-9D27-BF57D14D2CCF}.Debug|x86.ActiveCfg = Debug|Any CPU
		{524F2DD1-CB1D-4878-9D27-BF57D14D2CCF}.Debug|x86.Build.0 = Debug|Any CPU
		{524F2DD1-CB1D-4878-9D27-BF57D14D2CCF}.Release|Any CPU.ActiveCfg = Release|Any CPU
		{524F2DD1-CB1D-4878-9D27-BF57D14D2CCF}.Release|Any CPU.Build.0 = Release|Any CPU
		{524F2DD1-CB1D-4878-9D27-BF57D14D2CCF}.Release|x64.ActiveCfg = Release|Any CPU
		{524F2DD1-CB1D-4878-9D27-BF57D14D2CCF}.Release|x64.Build.0 = Release|Any CPU
		{524F2DD1-CB1D-4878-9D27-BF57D14D2CCF}.Release|x86.ActiveCfg = Release|Any CPU
		{524F2DD1-CB1D-4878-9D27-BF57D14D2CCF}.Release|x86.Build.0 = Release|Any CPU
		{46F21822-45DE-4EC0-A5CF-D3FEF447C73E}.Debug|Any CPU.ActiveCfg = Debug|Any CPU
		{46F21822-45DE-4EC0-A5CF-D3FEF447C73E}.Debug|Any CPU.Build.0 = Debug|Any CPU
		{46F21822-45DE-4EC0-A5CF-D3FEF447C73E}.Debug|x64.ActiveCfg = Debug|Any CPU
		{46F21822-45DE-4EC0-A5CF-D3FEF447C73E}.Debug|x64.Build.0 = Debug|Any CPU
		{46F21822-45DE-4EC0-A5CF-D3FEF447C73E}.Debug|x86.ActiveCfg = Debug|Any CPU
		{46F21822-45DE-4EC0-A5CF-D3FEF447C73E}.Debug|x86.Build.0 = Debug|Any CPU
		{46F21822-45DE-4EC0-A5CF-D3FEF447C73E}.Release|Any CPU.ActiveCfg = Release|Any CPU
		{46F21822-45DE-4EC0-A5CF-D3FEF447C73E}.Release|Any CPU.Build.0 = Release|Any CPU
		{46F21822-45DE-4EC0-A5CF-D3FEF447C73E}.Release|x64.ActiveCfg = Release|Any CPU
		{46F21822-45DE-4EC0-A5CF-D3FEF447C73E}.Release|x64.Build.0 = Release|Any CPU
		{46F21822-45DE-4EC0-A5CF-D3FEF447C73E}.Release|x86.ActiveCfg = Release|Any CPU
		{46F21822-45DE-4EC0-A5CF-D3FEF447C73E}.Release|x86.Build.0 = Release|Any CPU
		{DA0988DC-B895-42FE-A4A3-D21D55863569}.Debug|Any CPU.ActiveCfg = Debug|Any CPU
		{DA0988DC-B895-42FE-A4A3-D21D55863569}.Debug|Any CPU.Build.0 = Debug|Any CPU
		{DA0988DC-B895-42FE-A4A3-D21D55863569}.Debug|x64.ActiveCfg = Debug|Any CPU
		{DA0988DC-B895-42FE-A4A3-D21D55863569}.Debug|x64.Build.0 = Debug|Any CPU
		{DA0988DC-B895-42FE-A4A3-D21D55863569}.Debug|x86.ActiveCfg = Debug|Any CPU
		{DA0988DC-B895-42FE-A4A3-D21D55863569}.Debug|x86.Build.0 = Debug|Any CPU
		{DA0988DC-B895-42FE-A4A3-D21D55863569}.Release|Any CPU.ActiveCfg = Release|Any CPU
		{DA0988DC-B895-42FE-A4A3-D21D55863569}.Release|Any CPU.Build.0 = Release|Any CPU
		{DA0988DC-B895-42FE-A4A3-D21D55863569}.Release|x64.ActiveCfg = Release|Any CPU
		{DA0988DC-B895-42FE-A4A3-D21D55863569}.Release|x64.Build.0 = Release|Any CPU
		{DA0988DC-B895-42FE-A4A3-D21D55863569}.Release|x86.ActiveCfg = Release|Any CPU
		{DA0988DC-B895-42FE-A4A3-D21D55863569}.Release|x86.Build.0 = Release|Any CPU
		{12271EDA-A991-4E56-A4EF-857D1933567D}.Debug|Any CPU.ActiveCfg = Debug|Any CPU
		{12271EDA-A991-4E56-A4EF-857D1933567D}.Debug|Any CPU.Build.0 = Debug|Any CPU
		{12271EDA-A991-4E56-A4EF-857D1933567D}.Debug|x64.ActiveCfg = Debug|Any CPU
		{12271EDA-A991-4E56-A4EF-857D1933567D}.Debug|x64.Build.0 = Debug|Any CPU
		{12271EDA-A991-4E56-A4EF-857D1933567D}.Debug|x86.ActiveCfg = Debug|Any CPU
		{12271EDA-A991-4E56-A4EF-857D1933567D}.Debug|x86.Build.0 = Debug|Any CPU
		{12271EDA-A991-4E56-A4EF-857D1933567D}.Release|Any CPU.ActiveCfg = Release|Any CPU
		{12271EDA-A991-4E56-A4EF-857D1933567D}.Release|Any CPU.Build.0 = Release|Any CPU
		{12271EDA-A991-4E56-A4EF-857D1933567D}.Release|x64.ActiveCfg = Release|Any CPU
		{12271EDA-A991-4E56-A4EF-857D1933567D}.Release|x64.Build.0 = Release|Any CPU
		{12271EDA-A991-4E56-A4EF-857D1933567D}.Release|x86.ActiveCfg = Release|Any CPU
		{12271EDA-A991-4E56-A4EF-857D1933567D}.Release|x86.Build.0 = Release|Any CPU
		{AC04192C-BA31-4E0E-9549-92730D299CDD}.Debug|Any CPU.ActiveCfg = Debug|Any CPU
		{AC04192C-BA31-4E0E-9549-92730D299CDD}.Debug|Any CPU.Build.0 = Debug|Any CPU
		{AC04192C-BA31-4E0E-9549-92730D299CDD}.Debug|x64.ActiveCfg = Debug|Any CPU
		{AC04192C-BA31-4E0E-9549-92730D299CDD}.Debug|x64.Build.0 = Debug|Any CPU
		{AC04192C-BA31-4E0E-9549-92730D299CDD}.Debug|x86.ActiveCfg = Debug|Any CPU
		{AC04192C-BA31-4E0E-9549-92730D299CDD}.Debug|x86.Build.0 = Debug|Any CPU
		{AC04192C-BA31-4E0E-9549-92730D299CDD}.Release|Any CPU.ActiveCfg = Release|Any CPU
		{AC04192C-BA31-4E0E-9549-92730D299CDD}.Release|Any CPU.Build.0 = Release|Any CPU
		{AC04192C-BA31-4E0E-9549-92730D299CDD}.Release|x64.ActiveCfg = Release|Any CPU
		{AC04192C-BA31-4E0E-9549-92730D299CDD}.Release|x64.Build.0 = Release|Any CPU
		{AC04192C-BA31-4E0E-9549-92730D299CDD}.Release|x86.ActiveCfg = Release|Any CPU
		{AC04192C-BA31-4E0E-9549-92730D299CDD}.Release|x86.Build.0 = Release|Any CPU
		{F33EB61B-4508-4423-BD83-547CA3C79001}.Debug|Any CPU.ActiveCfg = Debug|Any CPU
		{F33EB61B-4508-4423-BD83-547CA3C79001}.Debug|Any CPU.Build.0 = Debug|Any CPU
		{F33EB61B-4508-4423-BD83-547CA3C79001}.Debug|x64.ActiveCfg = Debug|Any CPU
		{F33EB61B-4508-4423-BD83-547CA3C79001}.Debug|x64.Build.0 = Debug|Any CPU
		{F33EB61B-4508-4423-BD83-547CA3C79001}.Debug|x86.ActiveCfg = Debug|Any CPU
		{F33EB61B-4508-4423-BD83-547CA3C79001}.Debug|x86.Build.0 = Debug|Any CPU
		{F33EB61B-4508-4423-BD83-547CA3C79001}.Release|Any CPU.ActiveCfg = Release|Any CPU
		{F33EB61B-4508-4423-BD83-547CA3C79001}.Release|Any CPU.Build.0 = Release|Any CPU
		{F33EB61B-4508-4423-BD83-547CA3C79001}.Release|x64.ActiveCfg = Release|Any CPU
		{F33EB61B-4508-4423-BD83-547CA3C79001}.Release|x64.Build.0 = Release|Any CPU
		{F33EB61B-4508-4423-BD83-547CA3C79001}.Release|x86.ActiveCfg = Release|Any CPU
		{F33EB61B-4508-4423-BD83-547CA3C79001}.Release|x86.Build.0 = Release|Any CPU
		{6A7F7B35-A1B0-4083-BD63-69772DAE4EAD}.Debug|Any CPU.ActiveCfg = Debug|Any CPU
		{6A7F7B35-A1B0-4083-BD63-69772DAE4EAD}.Debug|Any CPU.Build.0 = Debug|Any CPU
		{6A7F7B35-A1B0-4083-BD63-69772DAE4EAD}.Debug|x64.ActiveCfg = Debug|Any CPU
		{6A7F7B35-A1B0-4083-BD63-69772DAE4EAD}.Debug|x64.Build.0 = Debug|Any CPU
		{6A7F7B35-A1B0-4083-BD63-69772DAE4EAD}.Debug|x86.ActiveCfg = Debug|Any CPU
		{6A7F7B35-A1B0-4083-BD63-69772DAE4EAD}.Debug|x86.Build.0 = Debug|Any CPU
		{6A7F7B35-A1B0-4083-BD63-69772DAE4EAD}.Release|Any CPU.ActiveCfg = Release|Any CPU
		{6A7F7B35-A1B0-4083-BD63-69772DAE4EAD}.Release|Any CPU.Build.0 = Release|Any CPU
		{6A7F7B35-A1B0-4083-BD63-69772DAE4EAD}.Release|x64.ActiveCfg = Release|Any CPU
		{6A7F7B35-A1B0-4083-BD63-69772DAE4EAD}.Release|x64.Build.0 = Release|Any CPU
		{6A7F7B35-A1B0-4083-BD63-69772DAE4EAD}.Release|x86.ActiveCfg = Release|Any CPU
		{6A7F7B35-A1B0-4083-BD63-69772DAE4EAD}.Release|x86.Build.0 = Release|Any CPU
		{BB5F71C9-4C17-41A6-92E0-37FF317A20DB}.Debug|Any CPU.ActiveCfg = Debug|Any CPU
		{BB5F71C9-4C17-41A6-92E0-37FF317A20DB}.Debug|Any CPU.Build.0 = Debug|Any CPU
		{BB5F71C9-4C17-41A6-92E0-37FF317A20DB}.Debug|x64.ActiveCfg = Debug|Any CPU
		{BB5F71C9-4C17-41A6-92E0-37FF317A20DB}.Debug|x64.Build.0 = Debug|Any CPU
		{BB5F71C9-4C17-41A6-92E0-37FF317A20DB}.Debug|x86.ActiveCfg = Debug|Any CPU
		{BB5F71C9-4C17-41A6-92E0-37FF317A20DB}.Debug|x86.Build.0 = Debug|Any CPU
		{BB5F71C9-4C17-41A6-92E0-37FF317A20DB}.Release|Any CPU.ActiveCfg = Release|Any CPU
		{BB5F71C9-4C17-41A6-92E0-37FF317A20DB}.Release|Any CPU.Build.0 = Release|Any CPU
		{BB5F71C9-4C17-41A6-92E0-37FF317A20DB}.Release|x64.ActiveCfg = Release|Any CPU
		{BB5F71C9-4C17-41A6-92E0-37FF317A20DB}.Release|x64.Build.0 = Release|Any CPU
		{BB5F71C9-4C17-41A6-92E0-37FF317A20DB}.Release|x86.ActiveCfg = Release|Any CPU
		{BB5F71C9-4C17-41A6-92E0-37FF317A20DB}.Release|x86.Build.0 = Release|Any CPU
		{DB612559-049A-4382-B49F-6F6323F01457}.Debug|Any CPU.ActiveCfg = Debug|Any CPU
		{DB612559-049A-4382-B49F-6F6323F01457}.Debug|Any CPU.Build.0 = Debug|Any CPU
		{DB612559-049A-4382-B49F-6F6323F01457}.Debug|x64.ActiveCfg = Debug|Any CPU
		{DB612559-049A-4382-B49F-6F6323F01457}.Debug|x64.Build.0 = Debug|Any CPU
		{DB612559-049A-4382-B49F-6F6323F01457}.Debug|x86.ActiveCfg = Debug|Any CPU
		{DB612559-049A-4382-B49F-6F6323F01457}.Debug|x86.Build.0 = Debug|Any CPU
		{DB612559-049A-4382-B49F-6F6323F01457}.Release|Any CPU.ActiveCfg = Release|Any CPU
		{DB612559-049A-4382-B49F-6F6323F01457}.Release|Any CPU.Build.0 = Release|Any CPU
		{DB612559-049A-4382-B49F-6F6323F01457}.Release|x64.ActiveCfg = Release|Any CPU
		{DB612559-049A-4382-B49F-6F6323F01457}.Release|x64.Build.0 = Release|Any CPU
		{DB612559-049A-4382-B49F-6F6323F01457}.Release|x86.ActiveCfg = Release|Any CPU
		{DB612559-049A-4382-B49F-6F6323F01457}.Release|x86.Build.0 = Release|Any CPU
		{F1BB8A41-002B-4789-A7D3-23C3CDC31F99}.Debug|Any CPU.ActiveCfg = Debug|Any CPU
		{F1BB8A41-002B-4789-A7D3-23C3CDC31F99}.Debug|Any CPU.Build.0 = Debug|Any CPU
		{F1BB8A41-002B-4789-A7D3-23C3CDC31F99}.Debug|x64.ActiveCfg = Debug|Any CPU
		{F1BB8A41-002B-4789-A7D3-23C3CDC31F99}.Debug|x64.Build.0 = Debug|Any CPU
		{F1BB8A41-002B-4789-A7D3-23C3CDC31F99}.Debug|x86.ActiveCfg = Debug|Any CPU
		{F1BB8A41-002B-4789-A7D3-23C3CDC31F99}.Debug|x86.Build.0 = Debug|Any CPU
		{F1BB8A41-002B-4789-A7D3-23C3CDC31F99}.Release|Any CPU.ActiveCfg = Release|Any CPU
		{F1BB8A41-002B-4789-A7D3-23C3CDC31F99}.Release|Any CPU.Build.0 = Release|Any CPU
		{F1BB8A41-002B-4789-A7D3-23C3CDC31F99}.Release|x64.ActiveCfg = Release|Any CPU
		{F1BB8A41-002B-4789-A7D3-23C3CDC31F99}.Release|x64.Build.0 = Release|Any CPU
		{F1BB8A41-002B-4789-A7D3-23C3CDC31F99}.Release|x86.ActiveCfg = Release|Any CPU
		{F1BB8A41-002B-4789-A7D3-23C3CDC31F99}.Release|x86.Build.0 = Release|Any CPU
		{534B494C-7C27-4F2B-BCB5-AF160A4C9668}.Debug|Any CPU.ActiveCfg = Debug|Any CPU
		{534B494C-7C27-4F2B-BCB5-AF160A4C9668}.Debug|Any CPU.Build.0 = Debug|Any CPU
		{534B494C-7C27-4F2B-BCB5-AF160A4C9668}.Debug|x64.ActiveCfg = Debug|Any CPU
		{534B494C-7C27-4F2B-BCB5-AF160A4C9668}.Debug|x64.Build.0 = Debug|Any CPU
		{534B494C-7C27-4F2B-BCB5-AF160A4C9668}.Debug|x86.ActiveCfg = Debug|Any CPU
		{534B494C-7C27-4F2B-BCB5-AF160A4C9668}.Debug|x86.Build.0 = Debug|Any CPU
		{534B494C-7C27-4F2B-BCB5-AF160A4C9668}.Release|Any CPU.ActiveCfg = Release|Any CPU
		{534B494C-7C27-4F2B-BCB5-AF160A4C9668}.Release|Any CPU.Build.0 = Release|Any CPU
		{534B494C-7C27-4F2B-BCB5-AF160A4C9668}.Release|x64.ActiveCfg = Release|Any CPU
		{534B494C-7C27-4F2B-BCB5-AF160A4C9668}.Release|x64.Build.0 = Release|Any CPU
		{534B494C-7C27-4F2B-BCB5-AF160A4C9668}.Release|x86.ActiveCfg = Release|Any CPU
		{534B494C-7C27-4F2B-BCB5-AF160A4C9668}.Release|x86.Build.0 = Release|Any CPU
		{CBBD43E3-37FC-4310-9DB7-1D714623B9D9}.Debug|Any CPU.ActiveCfg = Debug|Any CPU
		{CBBD43E3-37FC-4310-9DB7-1D714623B9D9}.Debug|Any CPU.Build.0 = Debug|Any CPU
		{CBBD43E3-37FC-4310-9DB7-1D714623B9D9}.Debug|x64.ActiveCfg = Debug|Any CPU
		{CBBD43E3-37FC-4310-9DB7-1D714623B9D9}.Debug|x64.Build.0 = Debug|Any CPU
		{CBBD43E3-37FC-4310-9DB7-1D714623B9D9}.Debug|x86.ActiveCfg = Debug|Any CPU
		{CBBD43E3-37FC-4310-9DB7-1D714623B9D9}.Debug|x86.Build.0 = Debug|Any CPU
		{CBBD43E3-37FC-4310-9DB7-1D714623B9D9}.Release|Any CPU.ActiveCfg = Release|Any CPU
		{CBBD43E3-37FC-4310-9DB7-1D714623B9D9}.Release|Any CPU.Build.0 = Release|Any CPU
		{CBBD43E3-37FC-4310-9DB7-1D714623B9D9}.Release|x64.ActiveCfg = Release|Any CPU
		{CBBD43E3-37FC-4310-9DB7-1D714623B9D9}.Release|x64.Build.0 = Release|Any CPU
		{CBBD43E3-37FC-4310-9DB7-1D714623B9D9}.Release|x86.ActiveCfg = Release|Any CPU
		{CBBD43E3-37FC-4310-9DB7-1D714623B9D9}.Release|x86.Build.0 = Release|Any CPU
		{F449A54B-1280-493A-9789-A57F5ECA999A}.Debug|Any CPU.ActiveCfg = Debug|Any CPU
		{F449A54B-1280-493A-9789-A57F5ECA999A}.Debug|Any CPU.Build.0 = Debug|Any CPU
		{F449A54B-1280-493A-9789-A57F5ECA999A}.Debug|x64.ActiveCfg = Debug|Any CPU
		{F449A54B-1280-493A-9789-A57F5ECA999A}.Debug|x64.Build.0 = Debug|Any CPU
		{F449A54B-1280-493A-9789-A57F5ECA999A}.Debug|x86.ActiveCfg = Debug|Any CPU
		{F449A54B-1280-493A-9789-A57F5ECA999A}.Debug|x86.Build.0 = Debug|Any CPU
		{F449A54B-1280-493A-9789-A57F5ECA999A}.Release|Any CPU.ActiveCfg = Release|Any CPU
		{F449A54B-1280-493A-9789-A57F5ECA999A}.Release|Any CPU.Build.0 = Release|Any CPU
		{F449A54B-1280-493A-9789-A57F5ECA999A}.Release|x64.ActiveCfg = Release|Any CPU
		{F449A54B-1280-493A-9789-A57F5ECA999A}.Release|x64.Build.0 = Release|Any CPU
		{F449A54B-1280-493A-9789-A57F5ECA999A}.Release|x86.ActiveCfg = Release|Any CPU
		{F449A54B-1280-493A-9789-A57F5ECA999A}.Release|x86.Build.0 = Release|Any CPU
	EndGlobalSection
	GlobalSection(SolutionProperties) = preSolution
		HideSolutionNode = FALSE
	EndGlobalSection
	GlobalSection(ExtensibilityGlobals) = postSolution
		SolutionGuid = {38BAE3D0-E4E4-4F2A-8162-287F8A0A7E00}
	EndGlobalSection
EndGlobal
